{
  "object": {
    "pins": [
      {
        "package": "PartialSheet",
        "repositoryURL": "https://github.com/AndreaMiotto/PartialSheet",
        "state": {
          "branch": null,
          "revision": "75faeb01600fba907f2a7d37baa614b686d3b2ad",
          "version": "0.0.3"
        }
      }
    ]
  },
  "version": 1
}
